
Microsoft Visual Studio Solution File, Format Version 12.00
# Visual Studio Version 17
VisualStudioVersion = 17.1.32421.90
MinimumVisualStudioVersion = 10.0.40219.1
Project("{FAE04EC0-301F-11D3-BF4B-00C04F79EFBC}") = "AllupBackEndProject", "AllupBackEndProject\AllupBackEndProject.csproj", "{1806D228-6C98-4667-A258-6E0C0BBAE040}"
EndProject
Global
	GlobalSection(SolutionConfigurationPlatforms) = preSolution
		Debug|Any CPU = Debug|Any CPU
		Release|Any CPU = Release|Any CPU
	EndGlobalSection
	GlobalSection(ProjectConfigurationPlatforms) = postSolution
		{1806D228-6C98-4667-A258-6E0C0BBAE040}.Debug|Any CPU.ActiveCfg = Debug|Any CPU
		{1806D228-6C98-4667-A258-6E0C0BBAE040}.Debug|Any CPU.Build.0 = Debug|Any CPU
		{1806D228-6C98-4667-A258-6E0C0BBAE040}.Release|Any CPU.ActiveCfg = Release|Any CPU
		{1806D228-6C98-4667-A258-6E0C0BBAE040}.Release|Any CPU.Build.0 = Release|Any CPU
	EndGlobalSection
	GlobalSection(SolutionProperties) = preSolution
		HideSolutionNode = FALSE
	EndGlobalSection
	GlobalSection(ExtensibilityGlobals) = postSolution
		SolutionGuid = {6E48A157-489F-4EA9-935D-BC1DD85471BF}
	EndGlobalSection
EndGlobal
